
Microsoft Visual Studio Solution File, Format Version 12.00
# Visual Studio Version 17
VisualStudioVersion = 17.4.33213.308
MinimumVisualStudioVersion = 10.0.40219.1
Project("{FAE04EC0-301F-11D3-BF4B-00C04F79EFBC}") = "AspDotNetAPI", "AspDotNetAPI\AspDotNetAPI.csproj", "{F6283921-9E30-4329-9D25-CE08A48B2280}"
EndProject
Global
	GlobalSection(SolutionConfigurationPlatforms) = preSolution
		Debug|Any CPU = Debug|Any CPU
		Release|Any CPU = Release|Any CPU
	EndGlobalSection
	GlobalSection(ProjectConfigurationPlatforms) = postSolution
		{F6283921-9E30-4329-9D25-CE08A48B2280}.Debug|Any CPU.ActiveCfg = Debug|Any CPU
		{F6283921-9E30-4329-9D25-CE08A48B2280}.Debug|Any CPU.Build.0 = Debug|Any CPU
		{F6283921-9E30-4329-9D25-CE08A48B2280}.Release|Any CPU.ActiveCfg = Release|Any CPU
		{F6283921-9E30-4329-9D25-CE08A48B2280}.Release|Any CPU.Build.0 = Release|Any CPU
	EndGlobalSection
	GlobalSection(SolutionProperties) = preSolution
		HideSolutionNode = FALSE
	EndGlobalSection
	GlobalSection(ExtensibilityGlobals) = postSolution
		SolutionGuid = {72137E38-944C-40C3-B789-4439B3289026}
	EndGlobalSection
EndGlobal
